// !$*UTF8*$!
{
	archiveVersion = 1;
	classes = {
	};
	objectVersion = 56;
	objects = {

/* Begin PBXBuildFile section */
		14E76CC6293E7CED00BF59FC /* FocusStateModifierApp.swift in Sources */ = {isa = PBXBuildFile; fileRef = 14E76CC5293E7CED00BF59FC /* FocusStateModifierApp.swift */; };
		14E76CC8293E7CED00BF59FC /* ContentView.swift in Sources */ = {isa = PBXBuildFile; fileRef = 14E76CC7293E7CED00BF59FC /* ContentView.swift */; };
		14E76CCA293E7CEE00BF59FC /* Assets.xcassets in Resources */ = {isa = PBXBuildFile; fileRef = 14E76CC9293E7CEE00BF59FC /* Assets.xcassets */; };
		14E76CCD293E7CEE00BF59FC /* Preview Assets.xcassets in Resources */ = {isa = PBXBuildFile; fileRef = 14E76CCC293E7CEE00BF59FC /* Preview Assets.xcassets */; };
		14E76CD5293E7D2700BF59FC /* FocusStateNoModifier.swift in Sources */ = {isa = PBXBuildFile; fileRef = 14E76CD4293E7D2700BF59FC /* FocusStateNoModifier.swift */; };
		14E76CD7293E7D4E00BF59FC /* Model.swift in Sources */ = {isa = PBXBuildFile; fileRef = 14E76CD6293E7D4E00BF59FC /* Model.swift */; };
		14E76CD9293E7DB100BF59FC /* FocusPrinter.swift in Sources */ = {isa = PBXBuildFile; fileRef = 14E76CD8293E7DB100BF59FC /* FocusPrinter.swift */; };
		14E76CDB293E7F7700BF59FC /* WithState.swift in Sources */ = {isa = PBXBuildFile; fileRef = 14E76CDA293E7F7700BF59FC /* WithState.swift */; };
		14E76CDD293E80D400BF59FC /* FocusStateWithModifier.swift in Sources */ = {isa = PBXBuildFile; fileRef = 14E76CDC293E80D400BF59FC /* FocusStateWithModifier.swift */; };
		14E76CE2293E83AE00BF59FC /* BindingWithModifier.swift in Sources */ = {isa = PBXBuildFile; fileRef = 14E76CE1293E83AE00BF59FC /* BindingWithModifier.swift */; };
/* End PBXBuildFile section */

/* Begin PBXFileReference section */
		14E76CC2293E7CED00BF59FC /* FocusStateModifier.app */ = {isa = PBXFileReference; explicitFileType = wrapper.application; includeInIndex = 0; path = FocusStateModifier.app; sourceTree = BUILT_PRODUCTS_DIR; };
		14E76CC5293E7CED00BF59FC /* FocusStateModifierApp.swift */ = {isa = PBXFileReference; lastKnownFileType = sourcecode.swift; path = FocusStateModifierApp.swift; sourceTree = "<group>"; };
		14E76CC7293E7CED00BF59FC /* ContentView.swift */ = {isa = PBXFileReference; lastKnownFileType = sourcecode.swift; path = ContentView.swift; sourceTree = "<group>"; };
		14E76CC9293E7CEE00BF59FC /* Assets.xcassets */ = {isa = PBXFileReference; lastKnownFileType = folder.assetcatalog; path = Assets.xcassets; sourceTree = "<group>"; };
		14E76CCC293E7CEE00BF59FC /* Preview Assets.xcassets */ = {isa = PBXFileReference; lastKnownFileType = folder.assetcatalog; path = "Preview Assets.xcassets"; sourceTree = "<group>"; };
		14E76CCE293E7CEE00BF59FC /* FocusStateModifier.entitlements */ = {isa = PBXFileReference; lastKnownFileType = text.plist.entitlements; path = FocusStateModifier.entitlements; sourceTree = "<group>"; };
		14E76CD4293E7D2700BF59FC /* FocusStateNoModifier.swift */ = {isa = PBXFileReference; lastKnownFileType = sourcecode.swift; path = FocusStateNoModifier.swift; sourceTree = "<group>"; };
		14E76CD6293E7D4E00BF59FC /* Model.swift */ = {isa = PBXFileReference; lastKnownFileType = sourcecode.swift; path = Model.swift; sourceTree = "<group>"; };
		14E76CD8293E7DB100BF59FC /* FocusPrinter.swift */ = {isa = PBXFileReference; lastKnownFileType = sourcecode.swift; path = FocusPrinter.swift; sourceTree = "<group>"; };
		14E76CDA293E7F7700BF59FC /* WithState.swift */ = {isa = PBXFileReference; lastKnownFileType = sourcecode.swift; path = WithState.swift; sourceTree = "<group>"; };
		14E76CDC293E80D400BF59FC /* FocusStateWithModifier.swift */ = {isa = PBXFileReference; lastKnownFileType = sourcecode.swift; path = FocusStateWithModifier.swift; sourceTree = "<group>"; };
		14E76CE1293E83AE00BF59FC /* BindingWithModifier.swift */ = {isa = PBXFileReference; lastKnownFileType = sourcecode.swift; path = BindingWithModifier.swift; sourceTree = "<group>"; };
/* End PBXFileReference section */

/* Begin PBXFrameworksBuildPhase section */
		14E76CBF293E7CED00BF59FC /* Frameworks */ = {
			isa = PBXFrameworksBuildPhase;
			buildActionMask = 2147483647;
			files = (
			);
			runOnlyForDeploymentPostprocessing = 0;
		};
/* End PBXFrameworksBuildPhase section */

/* Begin PBXGroup section */
		14E76CB9293E7CED00BF59FC = {
			isa = PBXGroup;
			children = (
				14E76CC4293E7CED00BF59FC /* FocusStateModifier */,
				14E76CC3293E7CED00BF59FC /* Products */,
			);
			sourceTree = "<group>";
		};
		14E76CC3293E7CED00BF59FC /* Products */ = {
			isa = PBXGroup;
			children = (
				14E76CC2293E7CED00BF59FC /* FocusStateModifier.app */,
			);
			name = Products;
			sourceTree = "<group>";
		};
		14E76CC4293E7CED00BF59FC /* FocusStateModifier */ = {
			isa = PBXGroup;
			children = (
				14E76CC5293E7CED00BF59FC /* FocusStateModifierApp.swift */,
				14E76CC7293E7CED00BF59FC /* ContentView.swift */,
				14E76CD4293E7D2700BF59FC /* FocusStateNoModifier.swift */,
				14E76CDC293E80D400BF59FC /* FocusStateWithModifier.swift */,
				14E76CE1293E83AE00BF59FC /* BindingWithModifier.swift */,
				14E76CD6293E7D4E00BF59FC /* Model.swift */,
				14E76CD8293E7DB100BF59FC /* FocusPrinter.swift */,
				14E76CDA293E7F7700BF59FC /* WithState.swift */,
				14E76CC9293E7CEE00BF59FC /* Assets.xcassets */,
				14E76CCE293E7CEE00BF59FC /* FocusStateModifier.entitlements */,
				14E76CCB293E7CEE00BF59FC /* Preview Content */,
			);
			path = FocusStateModifier;
			sourceTree = "<group>";
		};
		14E76CCB293E7CEE00BF59FC /* Preview Content */ = {
			isa = PBXGroup;
			children = (
				14E76CCC293E7CEE00BF59FC /* Preview Assets.xcassets */,
			);
			path = "Preview Content";
			sourceTree = "<group>";
		};
/* End PBXGroup section */

/* Begin PBXNativeTarget section */
		14E76CC1293E7CED00BF59FC /* FocusStateModifier */ = {
			isa = PBXNativeTarget;
			buildConfigurationList = 14E76CD1293E7CEE00BF59FC /* Build configuration list for PBXNativeTarget "FocusStateModifier" */;
			buildPhases = (
				14E76CBE293E7CED00BF59FC /* Sources */,
				14E76CBF293E7CED00BF59FC /* Frameworks */,
				14E76CC0293E7CED00BF59FC /* Resources */,
			);
			buildRules = (
			);
			dependencies = (
			);
			name = FocusStateModifier;
			packageProductDependencies = (
			);
			productName = FocusStateModifier;
			productReference = 14E76CC2293E7CED00BF59FC /* FocusStateModifier.app */;
			productType = "com.apple.product-type.application";
		};
/* End PBXNativeTarget section */

/* Begin PBXProject section */
		14E76CBA293E7CED00BF59FC /* Project object */ = {
			isa = PBXProject;
			attributes = {
				BuildIndependentTargetsInParallel = 1;
				LastSwiftUpdateCheck = 1410;
				LastUpgradeCheck = 1410;
				TargetAttributes = {
					14E76CC1293E7CED00BF59FC = {
						CreatedOnToolsVersion = 14.1;
					};
				};
			};
			buildConfigurationList = 14E76CBD293E7CED00BF59FC /* Build configuration list for PBXProject "FocusStateModifier" */;
			compatibilityVersion = "Xcode 14.0";
			developmentRegion = en;
			hasScannedForEncodings = 0;
			knownRegions = (
				en,
				Base,
			);
			mainGroup = 14E76CB9293E7CED00BF59FC;
			packageReferences = (
			);
			productRefGroup = 14E76CC3293E7CED00BF59FC /* Products */;
			projectDirPath = "";
			projectRoot = "";
			targets = (
				14E76CC1293E7CED00BF59FC /* FocusStateModifier */,
			);
		};
/* End PBXProject section */

/* Begin PBXResourcesBuildPhase section */
		14E76CC0293E7CED00BF59FC /* Resources */ = {
			isa = PBXResourcesBuildPhase;
			buildActionMask = 2147483647;
			files = (
				14E76CCD293E7CEE00BF59FC /* Preview Assets.xcassets in Resources */,
				14E76CCA293E7CEE00BF59FC /* Assets.xcassets in Resources */,
			);
			runOnlyForDeploymentPostprocessing = 0;
		};
/* End PBXResourcesBuildPhase section */

/* Begin PBXSourcesBuildPhase section */
		14E76CBE293E7CED00BF59FC /* Sources */ = {
			isa = PBXSourcesBuildPhase;
			buildActionMask = 2147483647;
			files = (
				14E76CC8293E7CED00BF59FC /* ContentView.swift in Sources */,
				14E76CDB293E7F7700BF59FC /* WithState.swift in Sources */,
				14E76CE2293E83AE00BF59FC /* BindingWithModifier.swift in Sources */,
				14E76CD9293E7DB100BF59FC /* FocusPrinter.swift in Sources */,
				14E76CD5293E7D2700BF59FC /* FocusStateNoModifier.swift in Sources */,
				14E76CDD293E80D400BF59FC /* FocusStateWithModifier.swift in Sources */,
				14E76CC6293E7CED00BF59FC /* FocusStateModifierApp.swift in Sources */,
				14E76CD7293E7D4E00BF59FC /* Model.swift in Sources */,
			);
			runOnlyForDeploymentPostprocessing = 0;
		};
/* End PBXSourcesBuildPhase section */

/* Begin XCBuildConfiguration section */
		14E76CCF293E7CEE00BF59FC /* Debug */ = {
			isa = XCBuildConfiguration;
			buildSettings = {
				ALWAYS_SEARCH_USER_PATHS = NO;
				CLANG_ANALYZER_NONNULL = YES;
				CLANG_ANALYZER_NUMBER_OBJECT_CONVERSION = YES_AGGRESSIVE;
				CLANG_CXX_LANGUAGE_STANDARD = "gnu++20";
				CLANG_ENABLE_MODULES = YES;
				CLANG_ENABLE_OBJC_ARC = YES;
				CLANG_ENABLE_OBJC_WEAK = YES;
				CLANG_WARN_BLOCK_CAPTURE_AUTORELEASING = YES;
				CLANG_WARN_BOOL_CONVERSION = YES;
				CLANG_WARN_COMMA = YES;
				CLANG_WARN_CONSTANT_CONVERSION = YES;
				CLANG_WARN_DEPRECATED_OBJC_IMPLEMENTATIONS = YES;
				CLANG_WARN_DIRECT_OBJC_ISA_USAGE = YES_ERROR;
				CLANG_WARN_DOCUMENTATION_COMMENTS = YES;
				CLANG_WARN_EMPTY_BODY = YES;
				CLANG_WARN_ENUM_CONVERSION = YES;
				CLANG_WARN_INFINITE_RECURSION = YES;
				CLANG_WARN_INT_CONVERSION = YES;
				CLANG_WARN_NON_LITERAL_NULL_CONVERSION = YES;
				CLANG_WARN_OBJC_IMPLICIT_RETAIN_SELF = YES;
				CLANG_WARN_OBJC_LITERAL_CONVERSION = YES;
				CLANG_WARN_OBJC_ROOT_CLASS = YES_ERROR;
				CLANG_WARN_QUOTED_INCLUDE_IN_FRAMEWORK_HEADER = YES;
				CLANG_WARN_RANGE_LOOP_ANALYSIS = YES;
				CLANG_WARN_STRICT_PROTOTYPES = YES;
				CLANG_WARN_SUSPICIOUS_MOVE = YES;
				CLANG_WARN_UNGUARDED_AVAILABILITY = YES_AGGRESSIVE;
				CLANG_WARN_UNREACHABLE_CODE = YES;
				CLANG_WARN__DUPLICATE_METHOD_MATCH = YES;
				COPY_PHASE_STRIP = NO;
				DEBUG_INFORMATION_FORMAT = dwarf;
				ENABLE_STRICT_OBJC_MSGSEND = YES;
				ENABLE_TESTABILITY = YES;
				GCC_C_LANGUAGE_STANDARD = gnu11;
				GCC_DYNAMIC_NO_PIC = NO;
				GCC_NO_COMMON_BLOCKS = YES;
				GCC_OPTIMIZATION_LEVEL = 0;
				GCC_PREPROCESSOR_DEFINITIONS = (
					"DEBUG=1",
					"$(inherited)",
				);
				GCC_WARN_64_TO_32_BIT_CONVERSION = YES;
				GCC_WARN_ABOUT_RETURN_TYPE = YES_ERROR;
				GCC_WARN_UNDECLARED_SELECTOR = YES;
				GCC_WARN_UNINITIALIZED_AUTOS = YES_AGGRESSIVE;
				GCC_WARN_UNUSED_FUNCTION = YES;
				GCC_WARN_UNUSED_VARIABLE = YES;
				MACOSX_DEPLOYMENT_TARGET = 13.0;
				MTL_ENABLE_DEBUG_INFO = INCLUDE_SOURCE;
				MTL_FAST_MATH = YES;
				ONLY_ACTIVE_ARCH = YES;
				SDKROOT = macosx;
				SWIFT_ACTIVE_COMPILATION_CONDITIONS = DEBUG;
				SWIFT_OPTIMIZATION_LEVEL = "-Onone";
			};
			name = Debug;
		};
		14E76CD0293E7CEE00BF59FC /* Release */ = {
			isa = XCBuildConfiguration;
			buildSettings = {
				ALWAYS_SEARCH_USER_PATHS = NO;
				CLANG_ANALYZER_NONNULL = YES;
				CLANG_ANALYZER_NUMBER_OBJECT_CONVERSION = YES_AGGRESSIVE;
				CLANG_CXX_LANGUAGE_STANDARD = "gnu++20";
				CLANG_ENABLE_MODULES = YES;
				CLANG_ENABLE_OBJC_ARC = YES;
				CLANG_ENABLE_OBJC_WEAK = YES;
				CLANG_WARN_BLOCK_CAPTURE_AUTORELEASING = YES;
				CLANG_WARN_BOOL_CONVERSION = YES;
				CLANG_WARN_COMMA = YES;
				CLANG_WARN_CONSTANT_CONVERSION = YES;
				CLANG_WARN_DEPRECATED_OBJC_IMPLEMENTATIONS = YES;
				CLANG_WARN_DIRECT_OBJC_ISA_USAGE = YES_ERROR;
				CLANG_WARN_DOCUMENTATION_COMMENTS = YES;
				CLANG_WARN_EMPTY_BODY = YES;
				CLANG_WARN_ENUM_CONVERSION = YES;
				CLANG_WARN_INFINITE_RECURSION = YES;
				CLANG_WARN_INT_CONVERSION = YES;
				CLANG_WARN_NON_LITERAL_NULL_CONVERSION = YES;
				CLANG_WARN_OBJC_IMPLICIT_RETAIN_SELF = YES;
				CLANG_WARN_OBJC_LITERAL_CONVERSION = YES;
				CLANG_WARN_OBJC_ROOT_CLASS = YES_ERROR;
				CLANG_WARN_QUOTED_INCLUDE_IN_FRAMEWORK_HEADER = YES;
				CLANG_WARN_RANGE_LOOP_ANALYSIS = YES;
				CLANG_WARN_STRICT_PROTOTYPES = YES;
				CLANG_WARN_SUSPICIOUS_MOVE = YES;
				CLANG_WARN_UNGUARDED_AVAILABILITY = YES_AGGRESSIVE;
				CLANG_WARN_UNREACHABLE_CODE = YES;
				CLANG_WARN__DUPLICATE_METHOD_MATCH = YES;
				COPY_PHASE_STRIP = NO;
				DEBUG_INFORMATION_FORMAT = "dwarf-with-dsym";
				ENABLE_NS_ASSERTIONS = NO;
				ENABLE_STRICT_OBJC_MSGSEND = YES;
				GCC_C_LANGUAGE_STANDARD = gnu11;
				GCC_NO_COMMON_BLOCKS = YES;
				GCC_WARN_64_TO_32_BIT_CONVERSION = YES;
				GCC_WARN_ABOUT_RETURN_TYPE = YES_ERROR;
				GCC_WARN_UNDECLARED_SELECTOR = YES;
				GCC_WARN_UNINITIALIZED_AUTOS = YES_AGGRESSIVE;
				GCC_WARN_UNUSED_FUNCTION = YES;
				GCC_WARN_UNUSED_VARIABLE = YES;
				MACOSX_DEPLOYMENT_TARGET = 13.0;
				MTL_ENABLE_DEBUG_INFO = NO;
				MTL_FAST_MATH = YES;
				SDKROOT = macosx;
				SWIFT_COMPILATION_MODE = wholemodule;
				SWIFT_OPTIMIZATION_LEVEL = "-O";
			};
			name = Release;
		};
		14E76CD2293E7CEE00BF59FC /* Debug */ = {
			isa = XCBuildConfiguration;
			buildSettings = {
				ASSETCATALOG_COMPILER_APPICON_NAME = AppIcon;
				ASSETCATALOG_COMPILER_GLOBAL_ACCENT_COLOR_NAME = AccentColor;
				CODE_SIGN_ENTITLEMENTS = FocusStateModifier/FocusStateModifier.entitlements;
				CODE_SIGN_STYLE = Automatic;
				COMBINE_HIDPI_IMAGES = YES;
				CURRENT_PROJECT_VERSION = 1;
				DEVELOPMENT_ASSET_PATHS = "\"FocusStateModifier/Preview Content\"";
				DEVELOPMENT_TEAM = MVRNVXG53L;
				ENABLE_HARDENED_RUNTIME = YES;
				ENABLE_PREVIEWS = YES;
				GENERATE_INFOPLIST_FILE = YES;
				INFOPLIST_KEY_NSHumanReadableCopyright = "";
				LD_RUNPATH_SEARCH_PATHS = (
					"$(inherited)",
					"@executable_path/../Frameworks",
				);
				MARKETING_VERSION = 1.0;
				PRODUCT_BUNDLE_IDENTIFIER = com.snowfort.FocusStateModifier;
				PRODUCT_NAME = "$(TARGET_NAME)";
				SWIFT_EMIT_LOC_STRINGS = YES;
				SWIFT_VERSION = 5.0;
			};
			name = Debug;
		};
		14E76CD3293E7CEE00BF59FC /* Release */ = {
			isa = XCBuildConfiguration;
			buildSettings = {
				ASSETCATALOG_COMPILER_APPICON_NAME = AppIcon;
				ASSETCATALOG_COMPILER_GLOBAL_ACCENT_COLOR_NAME = AccentColor;
				CODE_SIGN_ENTITLEMENTS = FocusStateModifier/FocusStateModifier.entitlements;
				CODE_SIGN_STYLE = Automatic;
				COMBINE_HIDPI_IMAGES = YES;
				CURRENT_PROJECT_VERSION = 1;
				DEVELOPMENT_ASSET_PATHS = "\"FocusStateModifier/Preview Content\"";
				DEVELOPMENT_TEAM = MVRNVXG53L;
				ENABLE_HARDENED_RUNTIME = YES;
				ENABLE_PREVIEWS = YES;
				GENERATE_INFOPLIST_FILE = YES;
				INFOPLIST_KEY_NSHumanReadableCopyright = "";
				LD_RUNPATH_SEARCH_PATHS = (
					"$(inherited)",
					"@executable_path/../Frameworks",
				);
				MARKETING_VERSION = 1.0;
				PRODUCT_BUNDLE_IDENTIFIER = com.snowfort.FocusStateModifier;
				PRODUCT_NAME = "$(TARGET_NAME)";
				SWIFT_EMIT_LOC_STRINGS = YES;
				SWIFT_VERSION = 5.0;
			};
			name = Release;
		};
/* End XCBuildConfiguration section */

/* Begin XCConfigurationList section */
		14E76CBD293E7CED00BF59FC /* Build configuration list for PBXProject "FocusStateModifier" */ = {
			isa = XCConfigurationList;
			buildConfigurations = (
				14E76CCF293E7CEE00BF59FC /* Debug */,
				14E76CD0293E7CEE00BF59FC /* Release */,
			);
			defaultConfigurationIsVisible = 0;
			defaultConfigurationName = Release;
		};
		14E76CD1293E7CEE00BF59FC /* Build configuration list for PBXNativeTarget "FocusStateModifier" */ = {
			isa = XCConfigurationList;
			buildConfigurations = (
				14E76CD2293E7CEE00BF59FC /* Debug */,
				14E76CD3293E7CEE00BF59FC /* Release */,
			);
			defaultConfigurationIsVisible = 0;
			defaultConfigurationName = Release;
		};
/* End XCConfigurationList section */
	};
	rootObject = 14E76CBA293E7CED00BF59FC /* Project object */;
}
